// !$*UTF8*$!
{
	archiveVersion = 1;
	classes = {
	};
	objectVersion = 48;
	objects = {

/* Begin PBXBuildFile section */
		DC0FD6621FE1745A0042878F /* Sprites.spriteatlas in Resources */ = {isa = PBXBuildFile; fileRef = DC0FD6611FE174590042878F /* Sprites.spriteatlas */; };
		DC0FD6691FE175B60042878F /* boss sound.mp3 in Resources */ = {isa = PBXBuildFile; fileRef = DC0FD6641FE1759C0042878F /* boss sound.mp3 */; };
		DC0FD66A1FE175B60042878F /* extra sound.mp3 in Resources */ = {isa = PBXBuildFile; fileRef = DC0FD6681FE1759C0042878F /* extra sound.mp3 */; };
		DC0FD66B1FE175B60042878F /* invader sound.mp3 in Resources */ = {isa = PBXBuildFile; fileRef = DC0FD6661FE1759C0042878F /* invader sound.mp3 */; };
		DC0FD66C1FE175B60042878F /* laser sound.mp3 in Resources */ = {isa = PBXBuildFile; fileRef = DC0FD6651FE1759C0042878F /* laser sound.mp3 */; };
		DC0FD66D1FE175B60042878F /* powerup sound.mp3 in Resources */ = {isa = PBXBuildFile; fileRef = DC0FD6671FE1759C0042878F /* powerup sound.mp3 */; };
		DC0FD6791FE1778F0042878F /* Projectile.swift in Sources */ = {isa = PBXBuildFile; fileRef = DC0FD6741FE1778F0042878F /* Projectile.swift */; };
		DC0FD67A1FE1778F0042878F /* PlayerLaser.swift in Sources */ = {isa = PBXBuildFile; fileRef = DC0FD6751FE1778F0042878F /* PlayerLaser.swift */; };
		DC0FD67B1FE1778F0042878F /* Player.swift in Sources */ = {isa = PBXBuildFile; fileRef = DC0FD6761FE1778F0042878F /* Player.swift */; };
		DC0FD67C1FE1778F0042878F /* Invader.swift in Sources */ = {isa = PBXBuildFile; fileRef = DC0FD6771FE1778F0042878F /* Invader.swift */; };
		DC0FD67D1FE1778F0042878F /* InvaderLaser.swift in Sources */ = {isa = PBXBuildFile; fileRef = DC0FD6781FE1778F0042878F /* InvaderLaser.swift */; };
		DC214F611FE4251E00FB2EBF /* GameScene.swift in Sources */ = {isa = PBXBuildFile; fileRef = DC214F601FE4251E00FB2EBF /* GameScene.swift */; };
		DC2178E51FD6EFE200B0A61C /* DrawingView.swift in Sources */ = {isa = PBXBuildFile; fileRef = DC2178E41FD6EFE200B0A61C /* DrawingView.swift */; };
		DC3640C31FE9689E00BE91FC /* DeathScene.swift in Sources */ = {isa = PBXBuildFile; fileRef = DC3640C21FE9689E00BE91FC /* DeathScene.swift */; };
		DC3640C51FE96BC700BE91FC /* StartScene.swift in Sources */ = {isa = PBXBuildFile; fileRef = DC3640C41FE96BC700BE91FC /* StartScene.swift */; };
		DC9521321FCF006100E33290 /* InternetMasterViewController.swift in Sources */ = {isa = PBXBuildFile; fileRef = DC9521311FCF006000E33290 /* InternetMasterViewController.swift */; };
		DC9521351FCF0B3200E33290 /* WebKit.framework in Frameworks */ = {isa = PBXBuildFile; fileRef = DC9521341FCF0B3200E33290 /* WebKit.framework */; };
		DCD49FE81FC32AE1005B78B6 /* Flameable.swift in Sources */ = {isa = PBXBuildFile; fileRef = DCD49FE71FC32AE1005B78B6 /* Flameable.swift */; };
		DCD49FEA1FC32BC3005B78B6 /* FlameWorld.swift in Sources */ = {isa = PBXBuildFile; fileRef = DCD49FE91FC32BC3005B78B6 /* FlameWorld.swift */; };
		DCF0552C1FB3520D00A50D52 /* AppDelegate.swift in Sources */ = {isa = PBXBuildFile; fileRef = DCF0552B1FB3520D00A50D52 /* AppDelegate.swift */; };
		DCF0552E1FB3520D00A50D52 /* ViewController.swift in Sources */ = {isa = PBXBuildFile; fileRef = DCF0552D1FB3520D00A50D52 /* ViewController.swift */; };
		DCF055311FB3520D00A50D52 /* Main.storyboard in Resources */ = {isa = PBXBuildFile; fileRef = DCF0552F1FB3520D00A50D52 /* Main.storyboard */; };
		DCF055331FB3520D00A50D52 /* Assets.xcassets in Resources */ = {isa = PBXBuildFile; fileRef = DCF055321FB3520D00A50D52 /* Assets.xcassets */; };
		DCF0553E1FB3529D00A50D52 /* CreativityViewController.swift in Sources */ = {isa = PBXBuildFile; fileRef = DCF0553D1FB3529D00A50D52 /* CreativityViewController.swift */; };
		DCF055401FB352B900A50D52 /* InternetDetailViewController.swift in Sources */ = {isa = PBXBuildFile; fileRef = DCF0553F1FB352B900A50D52 /* InternetDetailViewController.swift */; };
		DCF055421FB3532500A50D52 /* ProgrammingViewController.swift in Sources */ = {isa = PBXBuildFile; fileRef = DCF055411FB3532500A50D52 /* ProgrammingViewController.swift */; };
		DCF055441FB3534100A50D52 /* GloalImpactViewController.swift in Sources */ = {isa = PBXBuildFile; fileRef = DCF055431FB3534100A50D52 /* GloalImpactViewController.swift */; };
		DCF055461FB3536200A50D52 /* AlgorithmsViewController.swift in Sources */ = {isa = PBXBuildFile; fileRef = DCF055451FB3536200A50D52 /* AlgorithmsViewController.swift */; };
		DCF055481FB3537D00A50D52 /* AbstractionViewController.swift in Sources */ = {isa = PBXBuildFile; fileRef = DCF055471FB3537D00A50D52 /* AbstractionViewController.swift */; };
		DCF0554A1FB3538C00A50D52 /* DataViewController.swift in Sources */ = {isa = PBXBuildFile; fileRef = DCF055491FB3538C00A50D52 /* DataViewController.swift */; };
/* End PBXBuildFile section */

/* Begin PBXFileReference section */
		DC0FD6611FE174590042878F /* Sprites.spriteatlas */ = {isa = PBXFileReference; lastKnownFileType = folder; path = Sprites.spriteatlas; sourceTree = "<group>"; };
		DC0FD6641FE1759C0042878F /* boss sound.mp3 */ = {isa = PBXFileReference; lastKnownFileType = audio.mp3; name = "boss sound.mp3"; path = "../../../../../Downloads/GameCode/Sounds/boss sound.mp3"; sourceTree = "<group>"; };
		DC0FD6651FE1759C0042878F /* laser sound.mp3 */ = {isa = PBXFileReference; lastKnownFileType = audio.mp3; name = "laser sound.mp3"; path = "../../../../../Downloads/GameCode/Sounds/laser sound.mp3"; sourceTree = "<group>"; };
		DC0FD6661FE1759C0042878F /* invader sound.mp3 */ = {isa = PBXFileReference; lastKnownFileType = audio.mp3; name = "invader sound.mp3"; path = "../../../../../Downloads/GameCode/Sounds/invader sound.mp3"; sourceTree = "<group>"; };
		DC0FD6671FE1759C0042878F /* powerup sound.mp3 */ = {isa = PBXFileReference; lastKnownFileType = audio.mp3; name = "powerup sound.mp3"; path = "../../../../../Downloads/GameCode/Sounds/powerup sound.mp3"; sourceTree = "<group>"; };
		DC0FD6681FE1759C0042878F /* extra sound.mp3 */ = {isa = PBXFileReference; lastKnownFileType = audio.mp3; name = "extra sound.mp3"; path = "../../../../../Downloads/GameCode/Sounds/extra sound.mp3"; sourceTree = "<group>"; };
		DC0FD66F1FE176DB0042878F /* Utilities.swift */ = {isa = PBXFileReference; lastKnownFileType = sourcecode.swift; name = Utilities.swift; path = ../../../../../Downloads/GameCode/Utilities.swift; sourceTree = "<group>"; };
		DC0FD6711FE177000042878F /* StarField.sks */ = {isa = PBXFileReference; lastKnownFileType = file.sks; name = StarField.sks; path = ../../../../../../Downloads/GameCode/StarField.sks; sourceTree = "<group>"; };
		DC0FD6741FE1778F0042878F /* Projectile.swift */ = {isa = PBXFileReference; lastKnownFileType = sourcecode.swift; name = Projectile.swift; path = ../../../../../Downloads/GameCode/Model/Projectile.swift; sourceTree = "<group>"; };
		DC0FD6751FE1778F0042878F /* PlayerLaser.swift */ = {isa = PBXFileReference; lastKnownFileType = sourcecode.swift; name = PlayerLaser.swift; path = ../../../../../Downloads/GameCode/Model/PlayerLaser.swift; sourceTree = "<group>"; };
		DC0FD6761FE1778F0042878F /* Player.swift */ = {isa = PBXFileReference; lastKnownFileType = sourcecode.swift; name = Player.swift; path = ../../../../../Downloads/GameCode/Model/Player.swift; sourceTree = "<group>"; };
		DC0FD6771FE1778F0042878F /* Invader.swift */ = {isa = PBXFileReference; lastKnownFileType = sourcecode.swift; name = Invader.swift; path = ../../../../../Downloads/GameCode/Model/Invader.swift; sourceTree = "<group>"; };
		DC0FD6781FE1778F0042878F /* InvaderLaser.swift */ = {isa = PBXFileReference; lastKnownFileType = sourcecode.swift; name = InvaderLaser.swift; path = ../../../../../Downloads/GameCode/Model/InvaderLaser.swift; sourceTree = "<group>"; };
		DC0FD67F1FE1781B0042878F /* GameController */ = {isa = PBXFileReference; lastKnownFileType = folder; name = GameController; path = ../../../../../Downloads/GameCode/GameController; sourceTree = "<group>"; };
		DC0FD6891FE188280042878F /* View */ = {isa = PBXFileReference; lastKnownFileType = text; name = View; path = "Zane-csp/Sounds/View"; sourceTree = SOURCE_ROOT; };
		DC0FD68A1FE188280042878F /* powerup sound.mp3 */ = {isa = PBXFileReference; lastKnownFileType = audio.mp3; name = "powerup sound.mp3"; path = "../../../../../Downloads/GameCode/Sounds/powerup sound.mp3"; sourceTree = "<group>"; };
		DC0FD68B1FE188280042878F /* boss sound.mp3 */ = {isa = PBXFileReference; lastKnownFileType = audio.mp3; name = "boss sound.mp3"; path = "../../../../../Downloads/GameCode/Sounds/boss sound.mp3"; sourceTree = "<group>"; };
		DC0FD68C1FE188280042878F /* invader sound.mp3 */ = {isa = PBXFileReference; lastKnownFileType = audio.mp3; name = "invader sound.mp3"; path = "../../../../../Downloads/GameCode/Sounds/invader sound.mp3"; sourceTree = "<group>"; };
		DC0FD68D1FE188280042878F /* extra sound.mp3 */ = {isa = PBXFileReference; lastKnownFileType = audio.mp3; name = "extra sound.mp3"; path = "../../../../../Downloads/GameCode/Sounds/extra sound.mp3"; sourceTree = "<group>"; };
		DC0FD68E1FE188280042878F /* laser sound.mp3 */ = {isa = PBXFileReference; lastKnownFileType = audio.mp3; name = "laser sound.mp3"; path = "../../../../../Downloads/GameCode/Sounds/laser sound.mp3"; sourceTree = "<group>"; };
		DC214F601FE4251E00FB2EBF /* GameScene.swift */ = {isa = PBXFileReference; lastKnownFileType = sourcecode.swift; path = GameScene.swift; sourceTree = "<group>"; };
		DC2178E41FD6EFE200B0A61C /* DrawingView.swift */ = {isa = PBXFileReference; lastKnownFileType = sourcecode.swift; path = DrawingView.swift; sourceTree = "<group>"; };
		DC3640C21FE9689E00BE91FC /* DeathScene.swift */ = {isa = PBXFileReference; lastKnownFileType = sourcecode.swift; path = DeathScene.swift; sourceTree = "<group>"; };
		DC3640C41FE96BC700BE91FC /* StartScene.swift */ = {isa = PBXFileReference; lastKnownFileType = sourcecode.swift; path = StartScene.swift; sourceTree = "<group>"; };
		DC9521311FCF006000E33290 /* InternetMasterViewController.swift */ = {isa = PBXFileReference; lastKnownFileType = sourcecode.swift; path = InternetMasterViewController.swift; sourceTree = "<group>"; };
		DC9521341FCF0B3200E33290 /* WebKit.framework */ = {isa = PBXFileReference; lastKnownFileType = wrapper.framework; name = WebKit.framework; path = System/Library/Frameworks/WebKit.framework; sourceTree = SDKROOT; };
		DCD49FE71FC32AE1005B78B6 /* Flameable.swift */ = {isa = PBXFileReference; lastKnownFileType = sourcecode.swift; path = Flameable.swift; sourceTree = "<group>"; };
		DCD49FE91FC32BC3005B78B6 /* FlameWorld.swift */ = {isa = PBXFileReference; lastKnownFileType = sourcecode.swift; path = FlameWorld.swift; sourceTree = "<group>"; };
		DCF055281FB3520D00A50D52 /* Zane-csp.app */ = {isa = PBXFileReference; explicitFileType = wrapper.application; includeInIndex = 0; path = "Zane-csp.app"; sourceTree = BUILT_PRODUCTS_DIR; };
		DCF0552B1FB3520D00A50D52 /* AppDelegate.swift */ = {isa = PBXFileReference; lastKnownFileType = sourcecode.swift; path = AppDelegate.swift; sourceTree = "<group>"; };
		DCF0552D1FB3520D00A50D52 /* ViewController.swift */ = {isa = PBXFileReference; lastKnownFileType = sourcecode.swift; path = ViewController.swift; sourceTree = "<group>"; };
		DCF055301FB3520D00A50D52 /* Base */ = {isa = PBXFileReference; lastKnownFileType = file.storyboard; name = Base; path = Base.lproj/Main.storyboard; sourceTree = "<group>"; };
		DCF055321FB3520D00A50D52 /* Assets.xcassets */ = {isa = PBXFileReference; lastKnownFileType = folder.assetcatalog; path = Assets.xcassets; sourceTree = "<group>"; };
		DCF055371FB3520D00A50D52 /* Info.plist */ = {isa = PBXFileReference; lastKnownFileType = text.plist.xml; path = Info.plist; sourceTree = "<group>"; };
		DCF0553D1FB3529D00A50D52 /* CreativityViewController.swift */ = {isa = PBXFileReference; lastKnownFileType = sourcecode.swift; path = CreativityViewController.swift; sourceTree = "<group>"; };
		DCF0553F1FB352B900A50D52 /* InternetDetailViewController.swift */ = {isa = PBXFileReference; lastKnownFileType = sourcecode.swift; path = InternetDetailViewController.swift; sourceTree = "<group>"; };
		DCF055411FB3532500A50D52 /* ProgrammingViewController.swift */ = {isa = PBXFileReference; lastKnownFileType = sourcecode.swift; path = ProgrammingViewController.swift; sourceTree = "<group>"; };
		DCF055431FB3534100A50D52 /* GloalImpactViewController.swift */ = {isa = PBXFileReference; lastKnownFileType = sourcecode.swift; path = GloalImpactViewController.swift; sourceTree = "<group>"; };
		DCF055451FB3536200A50D52 /* AlgorithmsViewController.swift */ = {isa = PBXFileReference; lastKnownFileType = sourcecode.swift; path = AlgorithmsViewController.swift; sourceTree = "<group>"; };
		DCF055471FB3537D00A50D52 /* AbstractionViewController.swift */ = {isa = PBXFileReference; lastKnownFileType = sourcecode.swift; path = AbstractionViewController.swift; sourceTree = "<group>"; };
		DCF055491FB3538C00A50D52 /* DataViewController.swift */ = {isa = PBXFileReference; lastKnownFileType = sourcecode.swift; path = DataViewController.swift; sourceTree = "<group>"; };
/* End PBXFileReference section */

/* Begin PBXFrameworksBuildPhase section */
		DCF055251FB3520D00A50D52 /* Frameworks */ = {
			isa = PBXFrameworksBuildPhase;
			buildActionMask = 2147483647;
			files = (
				DC9521351FCF0B3200E33290 /* WebKit.framework in Frameworks */,
			);
			runOnlyForDeploymentPostprocessing = 0;
		};
/* End PBXFrameworksBuildPhase section */

/* Begin PBXGroup section */
		DC0FD6631FE175620042878F /* Sounds */ = {
			isa = PBXGroup;
			children = (
				DC0FD6641FE1759C0042878F /* boss sound.mp3 */,
				DC0FD6681FE1759C0042878F /* extra sound.mp3 */,
				DC0FD6661FE1759C0042878F /* invader sound.mp3 */,
				DC0FD6701FE176E90042878F /* View */,
				DC0FD6651FE1759C0042878F /* laser sound.mp3 */,
				DC0FD6671FE1759C0042878F /* powerup sound.mp3 */,
			);
			path = Sounds;
			sourceTree = "<group>";
		};
		DC0FD66E1FE176C40042878F /* resources */ = {
			isa = PBXGroup;
			children = (
				DC0FD68B1FE188280042878F /* boss sound.mp3 */,
				DC0FD68D1FE188280042878F /* extra sound.mp3 */,
				DC0FD68C1FE188280042878F /* invader sound.mp3 */,
				DC0FD6891FE188280042878F /* View */,
				DC0FD68E1FE188280042878F /* laser sound.mp3 */,
				DC0FD68A1FE188280042878F /* powerup sound.mp3 */,
				DC0FD66F1FE176DB0042878F /* Utilities.swift */,
			);
			path = resources;
			sourceTree = "<group>";
		};
		DC0FD6701FE176E90042878F /* View */ = {
			isa = PBXGroup;
			children = (
				DC0FD6711FE177000042878F /* StarField.sks */,
			);
			path = View;
			sourceTree = "<group>";
		};
		DC0FD67E1FE177FF0042878F /* Controller */ = {
			isa = PBXGroup;
			children = (
				DC0FD67F1FE1781B0042878F /* GameController */,
			);
			path = Controller;
			sourceTree = "<group>";
		};
		DC9521331FCF0B3200E33290 /* Frameworks */ = {
			isa = PBXGroup;
			children = (
				DC9521341FCF0B3200E33290 /* WebKit.framework */,
			);
			name = Frameworks;
			sourceTree = "<group>";
		};
		DCD49FDE1FC329A2005B78B6 /* Model */ = {
			isa = PBXGroup;
			children = (
				DC0FD6771FE1778F0042878F /* Invader.swift */,
				DC0FD6781FE1778F0042878F /* InvaderLaser.swift */,
				DC0FD6761FE1778F0042878F /* Player.swift */,
				DC0FD6751FE1778F0042878F /* PlayerLaser.swift */,
				DC0FD6741FE1778F0042878F /* Projectile.swift */,
				DCD49FE71FC32AE1005B78B6 /* Flameable.swift */,
				DCD49FE91FC32BC3005B78B6 /* FlameWorld.swift */,
				DC2178E41FD6EFE200B0A61C /* DrawingView.swift */,
				DCF0552F1FB3520D00A50D52 /* Main.storyboard */,
				DC214F601FE4251E00FB2EBF /* GameScene.swift */,
				DC3640C21FE9689E00BE91FC /* DeathScene.swift */,
				DC3640C41FE96BC700BE91FC /* StartScene.swift */,
			);
			path = Model;
			sourceTree = "<group>";
		};
		DCF0551F1FB3520D00A50D52 = {
			isa = PBXGroup;
			children = (
				DCF0552A1FB3520D00A50D52 /* Zane-csp */,
				DCF055291FB3520D00A50D52 /* Products */,
				DC9521331FCF0B3200E33290 /* Frameworks */,
			);
			sourceTree = "<group>";
		};
		DCF055291FB3520D00A50D52 /* Products */ = {
			isa = PBXGroup;
			children = (
				DCF055281FB3520D00A50D52 /* Zane-csp.app */,
			);
			name = Products;
			sourceTree = "<group>";
		};
		DCF0552A1FB3520D00A50D52 /* Zane-csp */ = {
			isa = PBXGroup;
			children = (
				DCD49FDE1FC329A2005B78B6 /* Model */,
				DCF0552B1FB3520D00A50D52 /* AppDelegate.swift */,
				DCF0552D1FB3520D00A50D52 /* ViewController.swift */,
				DC9521311FCF006000E33290 /* InternetMasterViewController.swift */,
				DC0FD67E1FE177FF0042878F /* Controller */,
				DC0FD6631FE175620042878F /* Sounds */,
				DCF0553F1FB352B900A50D52 /* InternetDetailViewController.swift */,
				DCF055321FB3520D00A50D52 /* Assets.xcassets */,
				DC0FD66E1FE176C40042878F /* resources */,
				DC0FD6611FE174590042878F /* Sprites.spriteatlas */,
				DCF055371FB3520D00A50D52 /* Info.plist */,
				DCF0553D1FB3529D00A50D52 /* CreativityViewController.swift */,
				DCF055411FB3532500A50D52 /* ProgrammingViewController.swift */,
				DCF055431FB3534100A50D52 /* GloalImpactViewController.swift */,
				DCF055451FB3536200A50D52 /* AlgorithmsViewController.swift */,
				DCF055471FB3537D00A50D52 /* AbstractionViewController.swift */,
				DCF055491FB3538C00A50D52 /* DataViewController.swift */,
			);
			path = "Zane-csp";
			sourceTree = "<group>";
		};
/* End PBXGroup section */

/* Begin PBXNativeTarget section */
		DCF055271FB3520D00A50D52 /* Zane-csp */ = {
			isa = PBXNativeTarget;
			buildConfigurationList = DCF0553A1FB3520D00A50D52 /* Build configuration list for PBXNativeTarget "Zane-csp" */;
			buildPhases = (
				DCF055241FB3520D00A50D52 /* Sources */,
				DCF055261FB3520D00A50D52 /* Resources */,
				DCF055251FB3520D00A50D52 /* Frameworks */,
			);
			buildRules = (
			);
			dependencies = (
			);
			name = "Zane-csp";
			productName = "Zane-csp";
			productReference = DCF055281FB3520D00A50D52 /* Zane-csp.app */;
			productType = "com.apple.product-type.application";
		};
/* End PBXNativeTarget section */

/* Begin PBXProject section */
		DCF055201FB3520D00A50D52 /* Project object */ = {
			isa = PBXProject;
			attributes = {
				LastSwiftUpdateCheck = 0900;
				LastUpgradeCheck = 0900;
				ORGANIZATIONNAME = CTEC;
				TargetAttributes = {
					DCF055271FB3520D00A50D52 = {
						CreatedOnToolsVersion = 9.0;
						ProvisioningStyle = Automatic;
					};
				};
			};
			buildConfigurationList = DCF055231FB3520D00A50D52 /* Build configuration list for PBXProject "Sample-csp" */;
			compatibilityVersion = "Xcode 8.0";
			developmentRegion = en;
			hasScannedForEncodings = 0;
			knownRegions = (
				en,
				Base,
			);
			mainGroup = DCF0551F1FB3520D00A50D52;
			productRefGroup = DCF055291FB3520D00A50D52 /* Products */;
			projectDirPath = "";
			projectRoot = "";
			targets = (
				DCF055271FB3520D00A50D52 /* Zane-csp */,
			);
		};
/* End PBXProject section */

/* Begin PBXResourcesBuildPhase section */
		DCF055261FB3520D00A50D52 /* Resources */ = {
			isa = PBXResourcesBuildPhase;
			buildActionMask = 2147483647;
			files = (
				DCF055331FB3520D00A50D52 /* Assets.xcassets in Resources */,
				DC0FD66D1FE175B60042878F /* powerup sound.mp3 in Resources */,
				DCF055311FB3520D00A50D52 /* Main.storyboard in Resources */,
				DC0FD6621FE1745A0042878F /* Sprites.spriteatlas in Resources */,
				DC0FD66A1FE175B60042878F /* extra sound.mp3 in Resources */,
				DC0FD66C1FE175B60042878F /* laser sound.mp3 in Resources */,
				DC0FD6691FE175B60042878F /* boss sound.mp3 in Resources */,
				DC0FD66B1FE175B60042878F /* invader sound.mp3 in Resources */,
			);
			runOnlyForDeploymentPostprocessing = 0;
		};
/* End PBXResourcesBuildPhase section */

/* Begin PBXSourcesBuildPhase section */
		DCF055241FB3520D00A50D52 /* Sources */ = {
			isa = PBXSourcesBuildPhase;
			buildActionMask = 2147483647;
			files = (
				DCF055441FB3534100A50D52 /* GloalImpactViewController.swift in Sources */,
				DC3640C51FE96BC700BE91FC /* StartScene.swift in Sources */,
				DC214F611FE4251E00FB2EBF /* GameScene.swift in Sources */,
				DC0FD67D1FE1778F0042878F /* InvaderLaser.swift in Sources */,
				DC0FD67C1FE1778F0042878F /* Invader.swift in Sources */,
				DC9521321FCF006100E33290 /* InternetMasterViewController.swift in Sources */,
				DCD49FEA1FC32BC3005B78B6 /* FlameWorld.swift in Sources */,
				DCF0554A1FB3538C00A50D52 /* DataViewController.swift in Sources */,
				DC3640C31FE9689E00BE91FC /* DeathScene.swift in Sources */,
				DC0FD67B1FE1778F0042878F /* Player.swift in Sources */,
				DC0FD6791FE1778F0042878F /* Projectile.swift in Sources */,
				DCF055461FB3536200A50D52 /* AlgorithmsViewController.swift in Sources */,
				DC2178E51FD6EFE200B0A61C /* DrawingView.swift in Sources */,
				DCF055421FB3532500A50D52 /* ProgrammingViewController.swift in Sources */,
				DCF055481FB3537D00A50D52 /* AbstractionViewController.swift in Sources */,
				DCF0552E1FB3520D00A50D52 /* ViewController.swift in Sources */,
				DCF0552C1FB3520D00A50D52 /* AppDelegate.swift in Sources */,
				DCF0553E1FB3529D00A50D52 /* CreativityViewController.swift in Sources */,
				DCD49FE81FC32AE1005B78B6 /* Flameable.swift in Sources */,
				DC0FD67A1FE1778F0042878F /* PlayerLaser.swift in Sources */,
				DCF055401FB352B900A50D52 /* InternetDetailViewController.swift in Sources */,
			);
			runOnlyForDeploymentPostprocessing = 0;
		};
/* End PBXSourcesBuildPhase section */

/* Begin PBXVariantGroup section */
		DCF0552F1FB3520D00A50D52 /* Main.storyboard */ = {
			isa = PBXVariantGroup;
			children = (
				DCF055301FB3520D00A50D52 /* Base */,
			);
			name = Main.storyboard;
			sourceTree = "<group>";
		};
/* End PBXVariantGroup section */

/* Begin XCBuildConfiguration section */
		DCF055381FB3520D00A50D52 /* Debug */ = {
			isa = XCBuildConfiguration;
			buildSettings = {
				ALWAYS_SEARCH_USER_PATHS = NO;
				CLANG_ANALYZER_NONNULL = YES;
				CLANG_ANALYZER_NUMBER_OBJECT_CONVERSION = YES_AGGRESSIVE;
				CLANG_CXX_LANGUAGE_STANDARD = "gnu++14";
				CLANG_CXX_LIBRARY = "libc++";
				CLANG_ENABLE_MODULES = YES;
				CLANG_ENABLE_OBJC_ARC = YES;
				CLANG_WARN_BLOCK_CAPTURE_AUTORELEASING = YES;
				CLANG_WARN_BOOL_CONVERSION = YES;
				CLANG_WARN_COMMA = YES;
				CLANG_WARN_CONSTANT_CONVERSION = YES;
				CLANG_WARN_DIRECT_OBJC_ISA_USAGE = YES_ERROR;
				CLANG_WARN_DOCUMENTATION_COMMENTS = YES;
				CLANG_WARN_EMPTY_BODY = YES;
				CLANG_WARN_ENUM_CONVERSION = YES;
				CLANG_WARN_INFINITE_RECURSION = YES;
				CLANG_WARN_INT_CONVERSION = YES;
				CLANG_WARN_NON_LITERAL_NULL_CONVERSION = YES;
				CLANG_WARN_OBJC_LITERAL_CONVERSION = YES;
				CLANG_WARN_OBJC_ROOT_CLASS = YES_ERROR;
				CLANG_WARN_RANGE_LOOP_ANALYSIS = YES;
				CLANG_WARN_STRICT_PROTOTYPES = YES;
				CLANG_WARN_SUSPICIOUS_MOVE = YES;
				CLANG_WARN_UNGUARDED_AVAILABILITY = YES_AGGRESSIVE;
				CLANG_WARN_UNREACHABLE_CODE = YES;
				CLANG_WARN__DUPLICATE_METHOD_MATCH = YES;
				CODE_SIGN_IDENTITY = "iPhone Developer";
				COPY_PHASE_STRIP = NO;
				DEBUG_INFORMATION_FORMAT = dwarf;
				ENABLE_STRICT_OBJC_MSGSEND = YES;
				ENABLE_TESTABILITY = YES;
				GCC_C_LANGUAGE_STANDARD = gnu11;
				GCC_DYNAMIC_NO_PIC = NO;
				GCC_NO_COMMON_BLOCKS = YES;
				GCC_OPTIMIZATION_LEVEL = 0;
				GCC_PREPROCESSOR_DEFINITIONS = (
					"DEBUG=1",
					"$(inherited)",
				);
				GCC_WARN_64_TO_32_BIT_CONVERSION = YES;
				GCC_WARN_ABOUT_RETURN_TYPE = YES_ERROR;
				GCC_WARN_UNDECLARED_SELECTOR = YES;
				GCC_WARN_UNINITIALIZED_AUTOS = YES_AGGRESSIVE;
				GCC_WARN_UNUSED_FUNCTION = YES;
				GCC_WARN_UNUSED_VARIABLE = YES;
				IPHONEOS_DEPLOYMENT_TARGET = 11.0;
				MTL_ENABLE_DEBUG_INFO = YES;
				ONLY_ACTIVE_ARCH = YES;
				SDKROOT = iphoneos;
				SWIFT_ACTIVE_COMPILATION_CONDITIONS = DEBUG;
				SWIFT_OPTIMIZATION_LEVEL = "-Onone";
			};
			name = Debug;
		};
		DCF055391FB3520D00A50D52 /* Release */ = {
			isa = XCBuildConfiguration;
			buildSettings = {
				ALWAYS_SEARCH_USER_PATHS = NO;
				CLANG_ANALYZER_NONNULL = YES;
				CLANG_ANALYZER_NUMBER_OBJECT_CONVERSION = YES_AGGRESSIVE;
				CLANG_CXX_LANGUAGE_STANDARD = "gnu++14";
				CLANG_CXX_LIBRARY = "libc++";
				CLANG_ENABLE_MODULES = YES;
				CLANG_ENABLE_OBJC_ARC = YES;
				CLANG_WARN_BLOCK_CAPTURE_AUTORELEASING = YES;
				CLANG_WARN_BOOL_CONVERSION = YES;
				CLANG_WARN_COMMA = YES;
				CLANG_WARN_CONSTANT_CONVERSION = YES;
				CLANG_WARN_DIRECT_OBJC_ISA_USAGE = YES_ERROR;
				CLANG_WARN_DOCUMENTATION_COMMENTS = YES;
				CLANG_WARN_EMPTY_BODY = YES;
				CLANG_WARN_ENUM_CONVERSION = YES;
				CLANG_WARN_INFINITE_RECURSION = YES;
				CLANG_WARN_INT_CONVERSION = YES;
				CLANG_WARN_NON_LITERAL_NULL_CONVERSION = YES;
				CLANG_WARN_OBJC_LITERAL_CONVERSION = YES;
				CLANG_WARN_OBJC_ROOT_CLASS = YES_ERROR;
				CLANG_WARN_RANGE_LOOP_ANALYSIS = YES;
				CLANG_WARN_STRICT_PROTOTYPES = YES;
				CLANG_WARN_SUSPICIOUS_MOVE = YES;
				CLANG_WARN_UNGUARDED_AVAILABILITY = YES_AGGRESSIVE;
				CLANG_WARN_UNREACHABLE_CODE = YES;
				CLANG_WARN__DUPLICATE_METHOD_MATCH = YES;
				CODE_SIGN_IDENTITY = "iPhone Developer";
				COPY_PHASE_STRIP = NO;
				DEBUG_INFORMATION_FORMAT = "dwarf-with-dsym";
				ENABLE_NS_ASSERTIONS = NO;
				ENABLE_STRICT_OBJC_MSGSEND = YES;
				GCC_C_LANGUAGE_STANDARD = gnu11;
				GCC_NO_COMMON_BLOCKS = YES;
				GCC_WARN_64_TO_32_BIT_CONVERSION = YES;
				GCC_WARN_ABOUT_RETURN_TYPE = YES_ERROR;
				GCC_WARN_UNDECLARED_SELECTOR = YES;
				GCC_WARN_UNINITIALIZED_AUTOS = YES_AGGRESSIVE;
				GCC_WARN_UNUSED_FUNCTION = YES;
				GCC_WARN_UNUSED_VARIABLE = YES;
				IPHONEOS_DEPLOYMENT_TARGET = 11.0;
				MTL_ENABLE_DEBUG_INFO = NO;
				SDKROOT = iphoneos;
				SWIFT_OPTIMIZATION_LEVEL = "-Owholemodule";
				VALIDATE_PRODUCT = YES;
			};
			name = Release;
		};
		DCF0553B1FB3520D00A50D52 /* Debug */ = {
			isa = XCBuildConfiguration;
			buildSettings = {
				ASSETCATALOG_COMPILER_APPICON_NAME = AppIcon;
				CODE_SIGN_STYLE = Automatic;
				DEVELOPMENT_TEAM = 98LJQN23KF;
				INFOPLIST_FILE = "Zane-csp/Info.plist";
				LD_RUNPATH_SEARCH_PATHS = "$(inherited) @executable_path/Frameworks";
				PRODUCT_BUNDLE_IDENTIFIER = "CTEC.Zane-csp";
				PRODUCT_NAME = "$(TARGET_NAME)";
				SWIFT_VERSION = 4.0;
				TARGETED_DEVICE_FAMILY = "1,2";
			};
			name = Debug;
		};
		DCF0553C1FB3520D00A50D52 /* Release */ = {
			isa = XCBuildConfiguration;
			buildSettings = {
				ASSETCATALOG_COMPILER_APPICON_NAME = AppIcon;
				CODE_SIGN_STYLE = Automatic;
				DEVELOPMENT_TEAM = 98LJQN23KF;
				INFOPLIST_FILE = "Zane-csp/Info.plist";
				LD_RUNPATH_SEARCH_PATHS = "$(inherited) @executable_path/Frameworks";
				PRODUCT_BUNDLE_IDENTIFIER = "CTEC.Zane-csp";
				PRODUCT_NAME = "$(TARGET_NAME)";
				SWIFT_VERSION = 4.0;
				TARGETED_DEVICE_FAMILY = "1,2";
			};
			name = Release;
		};
/* End XCBuildConfiguration section */

/* Begin XCConfigurationList section */
		DCF055231FB3520D00A50D52 /* Build configuration list for PBXProject "Sample-csp" */ = {
			isa = XCConfigurationList;
			buildConfigurations = (
				DCF055381FB3520D00A50D52 /* Debug */,
				DCF055391FB3520D00A50D52 /* Release */,
			);
			defaultConfigurationIsVisible = 0;
			defaultConfigurationName = Release;
		};
		DCF0553A1FB3520D00A50D52 /* Build configuration list for PBXNativeTarget "Zane-csp" */ = {
			isa = XCConfigurationList;
			buildConfigurations = (
				DCF0553B1FB3520D00A50D52 /* Debug */,
				DCF0553C1FB3520D00A50D52 /* Release */,
			);
			defaultConfigurationIsVisible = 0;
			defaultConfigurationName = Release;
		};
/* End XCConfigurationList section */
	};
	rootObject = DCF055201FB3520D00A50D52 /* Project object */;
}
